// !$*UTF8*$!
{
	archiveVersion = 1;
	classes = {
	};
	objectVersion = 55;
	objects = {

/* Begin PBXBuildFile section */
		42B7D6A4668A0A480E2EEA15 /* Pods_NoteBook.framework in Frameworks */ = {isa = PBXBuildFile; fileRef = 8C0DDCE75B7C5D2629CD3239 /* Pods_NoteBook.framework */; };
		AE8323B327C143A300C61DA4 /* AppDelegate.swift in Sources */ = {isa = PBXBuildFile; fileRef = AE8323B227C143A300C61DA4 /* AppDelegate.swift */; };
		AE8323B527C143A300C61DA4 /* SceneDelegate.swift in Sources */ = {isa = PBXBuildFile; fileRef = AE8323B427C143A300C61DA4 /* SceneDelegate.swift */; };
		AE8323B727C143A300C61DA4 /* ViewController.swift in Sources */ = {isa = PBXBuildFile; fileRef = AE8323B627C143A300C61DA4 /* ViewController.swift */; };
		AE8323BA27C143A300C61DA4 /* Main.storyboard in Resources */ = {isa = PBXBuildFile; fileRef = AE8323B827C143A300C61DA4 /* Main.storyboard */; };
		AE8323BC27C143A600C61DA4 /* Assets.xcassets in Resources */ = {isa = PBXBuildFile; fileRef = AE8323BB27C143A600C61DA4 /* Assets.xcassets */; };
		AE8323BF27C143A600C61DA4 /* LaunchScreen.storyboard in Resources */ = {isa = PBXBuildFile; fileRef = AE8323BD27C143A600C61DA4 /* LaunchScreen.storyboard */; };
		AE8323C827C2113B00C61DA4 /* HomeView.swift in Sources */ = {isa = PBXBuildFile; fileRef = AE8323C727C2113B00C61DA4 /* HomeView.swift */; };
		AE8323CB27C215F500C61DA4 /* UIColor-Extension.swift in Sources */ = {isa = PBXBuildFile; fileRef = AE8323CA27C215F500C61DA4 /* UIColor-Extension.swift */; };
		AEBED7E127CB645D00E7EAC8 /* DataManager.swift in Sources */ = {isa = PBXBuildFile; fileRef = AEBED7E027CB645D00E7EAC8 /* DataManager.swift */; };
		AEBED7E327CB7B3B00E7EAC8 /* NoteModel.swift in Sources */ = {isa = PBXBuildFile; fileRef = AEBED7E227CB7B3B00E7EAC8 /* NoteModel.swift */; };
		AEBED7E627CB7E5200E7EAC8 /* NoteListController.swift in Sources */ = {isa = PBXBuildFile; fileRef = AEBED7E527CB7E5200E7EAC8 /* NoteListController.swift */; };
		AEBED7E827CCA97F00E7EAC8 /* NoteInfoViewController.swift in Sources */ = {isa = PBXBuildFile; fileRef = AEBED7E727CCA97F00E7EAC8 /* NoteInfoViewController.swift */; };
/* End PBXBuildFile section */

/* Begin PBXFileReference section */
		2309EDA310D0E798BCB6DA88 /* Pods-NoteBook.debug.xcconfig */ = {isa = PBXFileReference; includeInIndex = 1; lastKnownFileType = text.xcconfig; name = "Pods-NoteBook.debug.xcconfig"; path = "Target Support Files/Pods-NoteBook/Pods-NoteBook.debug.xcconfig"; sourceTree = "<group>"; };
		8C0DDCE75B7C5D2629CD3239 /* Pods_NoteBook.framework */ = {isa = PBXFileReference; explicitFileType = wrapper.framework; includeInIndex = 0; path = Pods_NoteBook.framework; sourceTree = BUILT_PRODUCTS_DIR; };
		AE8323AF27C143A300C61DA4 /* NoteBook.app */ = {isa = PBXFileReference; explicitFileType = wrapper.application; includeInIndex = 0; path = NoteBook.app; sourceTree = BUILT_PRODUCTS_DIR; };
		AE8323B227C143A300C61DA4 /* AppDelegate.swift */ = {isa = PBXFileReference; lastKnownFileType = sourcecode.swift; path = AppDelegate.swift; sourceTree = "<group>"; };
		AE8323B427C143A300C61DA4 /* SceneDelegate.swift */ = {isa = PBXFileReference; lastKnownFileType = sourcecode.swift; path = SceneDelegate.swift; sourceTree = "<group>"; };
		AE8323B627C143A300C61DA4 /* ViewController.swift */ = {isa = PBXFileReference; lastKnownFileType = sourcecode.swift; path = ViewController.swift; sourceTree = "<group>"; };
		AE8323B927C143A300C61DA4 /* Base */ = {isa = PBXFileReference; lastKnownFileType = file.storyboard; name = Base; path = Base.lproj/Main.storyboard; sourceTree = "<group>"; };
		AE8323BB27C143A600C61DA4 /* Assets.xcassets */ = {isa = PBXFileReference; lastKnownFileType = folder.assetcatalog; path = Assets.xcassets; sourceTree = "<group>"; };
		AE8323BE27C143A600C61DA4 /* Base */ = {isa = PBXFileReference; lastKnownFileType = file.storyboard; name = Base; path = Base.lproj/LaunchScreen.storyboard; sourceTree = "<group>"; };
		AE8323C027C143A600C61DA4 /* Info.plist */ = {isa = PBXFileReference; lastKnownFileType = text.plist.xml; path = Info.plist; sourceTree = "<group>"; };
		AE8323C727C2113B00C61DA4 /* HomeView.swift */ = {isa = PBXFileReference; lastKnownFileType = sourcecode.swift; path = HomeView.swift; sourceTree = "<group>"; };
		AE8323CA27C215F500C61DA4 /* UIColor-Extension.swift */ = {isa = PBXFileReference; fileEncoding = 4; lastKnownFileType = sourcecode.swift; path = "UIColor-Extension.swift"; sourceTree = "<group>"; };
		AEBED7E027CB645D00E7EAC8 /* DataManager.swift */ = {isa = PBXFileReference; lastKnownFileType = sourcecode.swift; path = DataManager.swift; sourceTree = "<group>"; };
		AEBED7E227CB7B3B00E7EAC8 /* NoteModel.swift */ = {isa = PBXFileReference; lastKnownFileType = sourcecode.swift; path = NoteModel.swift; sourceTree = "<group>"; };
		AEBED7E527CB7E5200E7EAC8 /* NoteListController.swift */ = {isa = PBXFileReference; lastKnownFileType = sourcecode.swift; path = NoteListController.swift; sourceTree = "<group>"; };
		AEBED7E727CCA97F00E7EAC8 /* NoteInfoViewController.swift */ = {isa = PBXFileReference; lastKnownFileType = sourcecode.swift; path = NoteInfoViewController.swift; sourceTree = "<group>"; };
		DFDAD38B3EEC0BCBBE4D9635 /* Pods-NoteBook.release.xcconfig */ = {isa = PBXFileReference; includeInIndex = 1; lastKnownFileType = text.xcconfig; name = "Pods-NoteBook.release.xcconfig"; path = "Target Support Files/Pods-NoteBook/Pods-NoteBook.release.xcconfig"; sourceTree = "<group>"; };
/* End PBXFileReference section */

/* Begin PBXFrameworksBuildPhase section */
		AE8323AC27C143A300C61DA4 /* Frameworks */ = {
			isa = PBXFrameworksBuildPhase;
			buildActionMask = 2147483647;
			files = (
				42B7D6A4668A0A480E2EEA15 /* Pods_NoteBook.framework in Frameworks */,
			);
			runOnlyForDeploymentPostprocessing = 0;
		};
/* End PBXFrameworksBuildPhase section */

/* Begin PBXGroup section */
		030E56264363B2F1C7A6AA9A /* Pods */ = {
			isa = PBXGroup;
			children = (
				2309EDA310D0E798BCB6DA88 /* Pods-NoteBook.debug.xcconfig */,
				DFDAD38B3EEC0BCBBE4D9635 /* Pods-NoteBook.release.xcconfig */,
			);
			path = Pods;
			sourceTree = "<group>";
		};
		AA4F56DAA88EA687BA24DA07 /* Frameworks */ = {
			isa = PBXGroup;
			children = (
				8C0DDCE75B7C5D2629CD3239 /* Pods_NoteBook.framework */,
			);
			name = Frameworks;
			sourceTree = "<group>";
		};
		AE8323A627C143A300C61DA4 = {
			isa = PBXGroup;
			children = (
				AE8323B127C143A300C61DA4 /* NoteBook */,
				AE8323B027C143A300C61DA4 /* Products */,
				030E56264363B2F1C7A6AA9A /* Pods */,
				AA4F56DAA88EA687BA24DA07 /* Frameworks */,
			);
			sourceTree = "<group>";
		};
		AE8323B027C143A300C61DA4 /* Products */ = {
			isa = PBXGroup;
			children = (
				AE8323AF27C143A300C61DA4 /* NoteBook.app */,
			);
			name = Products;
			sourceTree = "<group>";
		};
		AE8323B127C143A300C61DA4 /* NoteBook */ = {
			isa = PBXGroup;
			children = (
				AEBED7E427CB7B4800E7EAC8 /* Model */,
				AE8323C927C215F500C61DA4 /* Extension */,
				AE8323C627C210EB00C61DA4 /* UI */,
				AE8323B227C143A300C61DA4 /* AppDelegate.swift */,
				AE8323B427C143A300C61DA4 /* SceneDelegate.swift */,
				AE8323B627C143A300C61DA4 /* ViewController.swift */,
				AEBED7E527CB7E5200E7EAC8 /* NoteListController.swift */,
				AEBED7E027CB645D00E7EAC8 /* DataManager.swift */,
				AEBED7E727CCA97F00E7EAC8 /* NoteInfoViewController.swift */,
				AE8323B827C143A300C61DA4 /* Main.storyboard */,
				AE8323BB27C143A600C61DA4 /* Assets.xcassets */,
				AE8323BD27C143A600C61DA4 /* LaunchScreen.storyboard */,
				AE8323C027C143A600C61DA4 /* Info.plist */,
			);
			path = NoteBook;
			sourceTree = "<group>";
		};
		AE8323C627C210EB00C61DA4 /* UI */ = {
			isa = PBXGroup;
			children = (
				AE8323C727C2113B00C61DA4 /* HomeView.swift */,
			);
			path = UI;
			sourceTree = "<group>";
		};
		AE8323C927C215F500C61DA4 /* Extension */ = {
			isa = PBXGroup;
			children = (
				AE8323CA27C215F500C61DA4 /* UIColor-Extension.swift */,
			);
			path = Extension;
			sourceTree = "<group>";
		};
		AEBED7E427CB7B4800E7EAC8 /* Model */ = {
			isa = PBXGroup;
			children = (
				AEBED7E227CB7B3B00E7EAC8 /* NoteModel.swift */,
			);
			path = Model;
			sourceTree = "<group>";
		};
/* End PBXGroup section */

/* Begin PBXNativeTarget section */
		AE8323AE27C143A300C61DA4 /* NoteBook */ = {
			isa = PBXNativeTarget;
			buildConfigurationList = AE8323C327C143A600C61DA4 /* Build configuration list for PBXNativeTarget "NoteBook" */;
			buildPhases = (
				5B4A69B9435E07051B24BB29 /* [CP] Check Pods Manifest.lock */,
				AE8323AB27C143A300C61DA4 /* Sources */,
				AE8323AC27C143A300C61DA4 /* Frameworks */,
				AE8323AD27C143A300C61DA4 /* Resources */,
				D123A7591431AC073AC3A371 /* [CP] Embed Pods Frameworks */,
			);
			buildRules = (
			);
			dependencies = (
			);
			name = NoteBook;
			productName = NoteBook;
			productReference = AE8323AF27C143A300C61DA4 /* NoteBook.app */;
			productType = "com.apple.product-type.application";
		};
/* End PBXNativeTarget section */

/* Begin PBXProject section */
		AE8323A727C143A300C61DA4 /* Project object */ = {
			isa = PBXProject;
			attributes = {
				BuildIndependentTargetsInParallel = 1;
				LastSwiftUpdateCheck = 1320;
				LastUpgradeCheck = 1320;
				TargetAttributes = {
					AE8323AE27C143A300C61DA4 = {
						CreatedOnToolsVersion = 13.2.1;
					};
				};
			};
			buildConfigurationList = AE8323AA27C143A300C61DA4 /* Build configuration list for PBXProject "NoteBook" */;
			compatibilityVersion = "Xcode 13.0";
			developmentRegion = en;
			hasScannedForEncodings = 0;
			knownRegions = (
				en,
				Base,
			);
			mainGroup = AE8323A627C143A300C61DA4;
			productRefGroup = AE8323B027C143A300C61DA4 /* Products */;
			projectDirPath = "";
			projectRoot = "";
			targets = (
				AE8323AE27C143A300C61DA4 /* NoteBook */,
			);
		};
/* End PBXProject section */

/* Begin PBXResourcesBuildPhase section */
		AE8323AD27C143A300C61DA4 /* Resources */ = {
			isa = PBXResourcesBuildPhase;
			buildActionMask = 2147483647;
			files = (
				AE8323BF27C143A600C61DA4 /* LaunchScreen.storyboard in Resources */,
				AE8323BC27C143A600C61DA4 /* Assets.xcassets in Resources */,
				AE8323BA27C143A300C61DA4 /* Main.storyboard in Resources */,
			);
			runOnlyForDeploymentPostprocessing = 0;
		};
/* End PBXResourcesBuildPhase section */

/* Begin PBXShellScriptBuildPhase section */
		5B4A69B9435E07051B24BB29 /* [CP] Check Pods Manifest.lock */ = {
			isa = PBXShellScriptBuildPhase;
			buildActionMask = 2147483647;
			files = (
			);
			inputFileListPaths = (
			);
			inputPaths = (
				"${PODS_PODFILE_DIR_PATH}/Podfile.lock",
				"${PODS_ROOT}/Manifest.lock",
			);
			name = "[CP] Check Pods Manifest.lock";
			outputFileListPaths = (
			);
			outputPaths = (
				"$(DERIVED_FILE_DIR)/Pods-NoteBook-checkManifestLockResult.txt",
			);
			runOnlyForDeploymentPostprocessing = 0;
			shellPath = /bin/sh;
			shellScript = "diff \"${PODS_PODFILE_DIR_PATH}/Podfile.lock\" \"${PODS_ROOT}/Manifest.lock\" > /dev/null\nif [ $? != 0 ] ; then\n    # print error to STDERR\n    echo \"error: The sandbox is not in sync with the Podfile.lock. Run 'pod install' or update your CocoaPods installation.\" >&2\n    exit 1\nfi\n# This output is used by Xcode 'outputs' to avoid re-running this script phase.\necho \"SUCCESS\" > \"${SCRIPT_OUTPUT_FILE_0}\"\n";
			showEnvVarsInLog = 0;
		};
		D123A7591431AC073AC3A371 /* [CP] Embed Pods Frameworks */ = {
			isa = PBXShellScriptBuildPhase;
			buildActionMask = 2147483647;
			files = (
			);
			inputFileListPaths = (
				"${PODS_ROOT}/Target Support Files/Pods-NoteBook/Pods-NoteBook-frameworks-${CONFIGURATION}-input-files.xcfilelist",
			);
			name = "[CP] Embed Pods Frameworks";
			outputFileListPaths = (
				"${PODS_ROOT}/Target Support Files/Pods-NoteBook/Pods-NoteBook-frameworks-${CONFIGURATION}-output-files.xcfilelist",
			);
			runOnlyForDeploymentPostprocessing = 0;
			shellPath = /bin/sh;
			shellScript = "\"${PODS_ROOT}/Target Support Files/Pods-NoteBook/Pods-NoteBook-frameworks.sh\"\n";
			showEnvVarsInLog = 0;
		};
/* End PBXShellScriptBuildPhase section */

/* Begin PBXSourcesBuildPhase section */
		AE8323AB27C143A300C61DA4 /* Sources */ = {
			isa = PBXSourcesBuildPhase;
			buildActionMask = 2147483647;
			files = (
				AE8323B727C143A300C61DA4 /* ViewController.swift in Sources */,
				AEBED7E627CB7E5200E7EAC8 /* NoteListController.swift in Sources */,
				AEBED7E127CB645D00E7EAC8 /* DataManager.swift in Sources */,
				AE8323CB27C215F500C61DA4 /* UIColor-Extension.swift in Sources */,
				AEBED7E327CB7B3B00E7EAC8 /* NoteModel.swift in Sources */,
				AE8323C827C2113B00C61DA4 /* HomeView.swift in Sources */,
				AE8323B327C143A300C61DA4 /* AppDelegate.swift in Sources */,
				AEBED7E827CCA97F00E7EAC8 /* NoteInfoViewController.swift in Sources */,
				AE8323B527C143A300C61DA4 /* SceneDelegate.swift in Sources */,
			);
			runOnlyForDeploymentPostprocessing = 0;
		};
/* End PBXSourcesBuildPhase section */

/* Begin PBXVariantGroup section */
		AE8323B827C143A300C61DA4 /* Main.storyboard */ = {
			isa = PBXVariantGroup;
			children = (
				AE8323B927C143A300C61DA4 /* Base */,
			);
			name = Main.storyboard;
			sourceTree = "<group>";
		};
		AE8323BD27C143A600C61DA4 /* LaunchScreen.storyboard */ = {
			isa = PBXVariantGroup;
			children = (
				AE8323BE27C143A600C61DA4 /* Base */,
			);
			name = LaunchScreen.storyboard;
			sourceTree = "<group>";
		};
/* End PBXVariantGroup section */

/* Begin XCBuildConfiguration section */
		AE8323C127C143A600C61DA4 /* Debug */ = {
			isa = XCBuildConfiguration;
			buildSettings = {
				ALWAYS_SEARCH_USER_PATHS = NO;
				CLANG_ANALYZER_NONNULL = YES;
				CLANG_ANALYZER_NUMBER_OBJECT_CONVERSION = YES_AGGRESSIVE;
				CLANG_CXX_LANGUAGE_STANDARD = "gnu++17";
				CLANG_CXX_LIBRARY = "libc++";
				CLANG_ENABLE_MODULES = YES;
				CLANG_ENABLE_OBJC_ARC = YES;
				CLANG_ENABLE_OBJC_WEAK = YES;
				CLANG_WARN_BLOCK_CAPTURE_AUTORELEASING = YES;
				CLANG_WARN_BOOL_CONVERSION = YES;
				CLANG_WARN_COMMA = YES;
				CLANG_WARN_CONSTANT_CONVERSION = YES;
				CLANG_WARN_DEPRECATED_OBJC_IMPLEMENTATIONS = YES;
				CLANG_WARN_DIRECT_OBJC_ISA_USAGE = YES_ERROR;
				CLANG_WARN_DOCUMENTATION_COMMENTS = YES;
				CLANG_WARN_EMPTY_BODY = YES;
				CLANG_WARN_ENUM_CONVERSION = YES;
				CLANG_WARN_INFINITE_RECURSION = YES;
				CLANG_WARN_INT_CONVERSION = YES;
				CLANG_WARN_NON_LITERAL_NULL_CONVERSION = YES;
				CLANG_WARN_OBJC_IMPLICIT_RETAIN_SELF = YES;
				CLANG_WARN_OBJC_LITERAL_CONVERSION = YES;
				CLANG_WARN_OBJC_ROOT_CLASS = YES_ERROR;
				CLANG_WARN_QUOTED_INCLUDE_IN_FRAMEWORK_HEADER = YES;
				CLANG_WARN_RANGE_LOOP_ANALYSIS = YES;
				CLANG_WARN_STRICT_PROTOTYPES = YES;
				CLANG_WARN_SUSPICIOUS_MOVE = YES;
				CLANG_WARN_UNGUARDED_AVAILABILITY = YES_AGGRESSIVE;
				CLANG_WARN_UNREACHABLE_CODE = YES;
				CLANG_WARN__DUPLICATE_METHOD_MATCH = YES;
				COPY_PHASE_STRIP = NO;
				DEBUG_INFORMATION_FORMAT = dwarf;
				ENABLE_STRICT_OBJC_MSGSEND = YES;
				ENABLE_TESTABILITY = YES;
				GCC_C_LANGUAGE_STANDARD = gnu11;
				GCC_DYNAMIC_NO_PIC = NO;
				GCC_NO_COMMON_BLOCKS = YES;
				GCC_OPTIMIZATION_LEVEL = 0;
				GCC_PREPROCESSOR_DEFINITIONS = (
					"DEBUG=1",
					"$(inherited)",
				);
				GCC_WARN_64_TO_32_BIT_CONVERSION = YES;
				GCC_WARN_ABOUT_RETURN_TYPE = YES_ERROR;
				GCC_WARN_UNDECLARED_SELECTOR = YES;
				GCC_WARN_UNINITIALIZED_AUTOS = YES_AGGRESSIVE;
				GCC_WARN_UNUSED_FUNCTION = YES;
				GCC_WARN_UNUSED_VARIABLE = YES;
				IPHONEOS_DEPLOYMENT_TARGET = 14.0;
				MTL_ENABLE_DEBUG_INFO = INCLUDE_SOURCE;
				MTL_FAST_MATH = YES;
				ONLY_ACTIVE_ARCH = YES;
				SDKROOT = iphoneos;
				SWIFT_ACTIVE_COMPILATION_CONDITIONS = DEBUG;
				SWIFT_OPTIMIZATION_LEVEL = "-Onone";
			};
			name = Debug;
		};
		AE8323C227C143A600C61DA4 /* Release */ = {
			isa = XCBuildConfiguration;
			buildSettings = {
				ALWAYS_SEARCH_USER_PATHS = NO;
				CLANG_ANALYZER_NONNULL = YES;
				CLANG_ANALYZER_NUMBER_OBJECT_CONVERSION = YES_AGGRESSIVE;
				CLANG_CXX_LANGUAGE_STANDARD = "gnu++17";
				CLANG_CXX_LIBRARY = "libc++";
				CLANG_ENABLE_MODULES = YES;
				CLANG_ENABLE_OBJC_ARC = YES;
				CLANG_ENABLE_OBJC_WEAK = YES;
				CLANG_WARN_BLOCK_CAPTURE_AUTORELEASING = YES;
				CLANG_WARN_BOOL_CONVERSION = YES;
				CLANG_WARN_COMMA = YES;
				CLANG_WARN_CONSTANT_CONVERSION = YES;
				CLANG_WARN_DEPRECATED_OBJC_IMPLEMENTATIONS = YES;
				CLANG_WARN_DIRECT_OBJC_ISA_USAGE = YES_ERROR;
				CLANG_WARN_DOCUMENTATION_COMMENTS = YES;
				CLANG_WARN_EMPTY_BODY = YES;
				CLANG_WARN_ENUM_CONVERSION = YES;
				CLANG_WARN_INFINITE_RECURSION = YES;
				CLANG_WARN_INT_CONVERSION = YES;
				CLANG_WARN_NON_LITERAL_NULL_CONVERSION = YES;
				CLANG_WARN_OBJC_IMPLICIT_RETAIN_SELF = YES;
				CLANG_WARN_OBJC_LITERAL_CONVERSION = YES;
				CLANG_WARN_OBJC_ROOT_CLASS = YES_ERROR;
				CLANG_WARN_QUOTED_INCLUDE_IN_FRAMEWORK_HEADER = YES;
				CLANG_WARN_RANGE_LOOP_ANALYSIS = YES;
				CLANG_WARN_STRICT_PROTOTYPES = YES;
				CLANG_WARN_SUSPICIOUS_MOVE = YES;
				CLANG_WARN_UNGUARDED_AVAILABILITY = YES_AGGRESSIVE;
				CLANG_WARN_UNREACHABLE_CODE = YES;
				CLANG_WARN__DUPLICATE_METHOD_MATCH = YES;
				COPY_PHASE_STRIP = NO;
				DEBUG_INFORMATION_FORMAT = "dwarf-with-dsym";
				ENABLE_NS_ASSERTIONS = NO;
				ENABLE_STRICT_OBJC_MSGSEND = YES;
				GCC_C_LANGUAGE_STANDARD = gnu11;
				GCC_NO_COMMON_BLOCKS = YES;
				GCC_WARN_64_TO_32_BIT_CONVERSION = YES;
				GCC_WARN_ABOUT_RETURN_TYPE = YES_ERROR;
				GCC_WARN_UNDECLARED_SELECTOR = YES;
				GCC_WARN_UNINITIALIZED_AUTOS = YES_AGGRESSIVE;
				GCC_WARN_UNUSED_FUNCTION = YES;
				GCC_WARN_UNUSED_VARIABLE = YES;
				IPHONEOS_DEPLOYMENT_TARGET = 14.0;
				MTL_ENABLE_DEBUG_INFO = NO;
				MTL_FAST_MATH = YES;
				SDKROOT = iphoneos;
				SWIFT_COMPILATION_MODE = wholemodule;
				SWIFT_OPTIMIZATION_LEVEL = "-O";
				VALIDATE_PRODUCT = YES;
			};
			name = Release;
		};
		AE8323C427C143A600C61DA4 /* Debug */ = {
			isa = XCBuildConfiguration;
			baseConfigurationReference = 2309EDA310D0E798BCB6DA88 /* Pods-NoteBook.debug.xcconfig */;
			buildSettings = {
				ASSETCATALOG_COMPILER_APPICON_NAME = AppIcon;
				ASSETCATALOG_COMPILER_GLOBAL_ACCENT_COLOR_NAME = AccentColor;
				CODE_SIGN_STYLE = Automatic;
				CURRENT_PROJECT_VERSION = 1;
				GENERATE_INFOPLIST_FILE = YES;
				INFOPLIST_FILE = NoteBook/Info.plist;
				INFOPLIST_KEY_UIApplicationSupportsIndirectInputEvents = YES;
				INFOPLIST_KEY_UILaunchStoryboardName = LaunchScreen;
				INFOPLIST_KEY_UIMainStoryboardFile = Main;
				INFOPLIST_KEY_UISupportedInterfaceOrientations = UIInterfaceOrientationPortrait;
				INFOPLIST_KEY_UISupportedInterfaceOrientations_iPad = "UIInterfaceOrientationPortrait UIInterfaceOrientationPortraitUpsideDown UIInterfaceOrientationLandscapeLeft UIInterfaceOrientationLandscapeRight";
				INFOPLIST_KEY_UISupportedInterfaceOrientations_iPhone = "UIInterfaceOrientationPortrait UIInterfaceOrientationLandscapeLeft UIInterfaceOrientationLandscapeRight";
				IPHONEOS_DEPLOYMENT_TARGET = 14.0;
				LD_RUNPATH_SEARCH_PATHS = (
					"$(inherited)",
					"@executable_path/Frameworks",
				);
				MARKETING_VERSION = 1.0;
				PRODUCT_BUNDLE_IDENTIFIER = com.codersamz.NoteBook;
				PRODUCT_NAME = "$(TARGET_NAME)";
				SWIFT_EMIT_LOC_STRINGS = YES;
				SWIFT_VERSION = 5.0;
				TARGETED_DEVICE_FAMILY = "1,2";
			};
			name = Debug;
		};
		AE8323C527C143A600C61DA4 /* Release */ = {
			isa = XCBuildConfiguration;
			baseConfigurationReference = DFDAD38B3EEC0BCBBE4D9635 /* Pods-NoteBook.release.xcconfig */;
			buildSettings = {
				ASSETCATALOG_COMPILER_APPICON_NAME = AppIcon;
				ASSETCATALOG_COMPILER_GLOBAL_ACCENT_COLOR_NAME = AccentColor;
				CODE_SIGN_STYLE = Automatic;
				CURRENT_PROJECT_VERSION = 1;
				GENERATE_INFOPLIST_FILE = YES;
				INFOPLIST_FILE = NoteBook/Info.plist;
				INFOPLIST_KEY_UIApplicationSupportsIndirectInputEvents = YES;
				INFOPLIST_KEY_UILaunchStoryboardName = LaunchScreen;
				INFOPLIST_KEY_UIMainStoryboardFile = Main;
				INFOPLIST_KEY_UISupportedInterfaceOrientations = UIInterfaceOrientationPortrait;
				INFOPLIST_KEY_UISupportedInterfaceOrientations_iPad = "UIInterfaceOrientationPortrait UIInterfaceOrientationPortraitUpsideDown UIInterfaceOrientationLandscapeLeft UIInterfaceOrientationLandscapeRight";
				INFOPLIST_KEY_UISupportedInterfaceOrientations_iPhone = "UIInterfaceOrientationPortrait UIInterfaceOrientationLandscapeLeft UIInterfaceOrientationLandscapeRight";
				IPHONEOS_DEPLOYMENT_TARGET = 14.0;
				LD_RUNPATH_SEARCH_PATHS = (
					"$(inherited)",
					"@executable_path/Frameworks",
				);
				MARKETING_VERSION = 1.0;
				PRODUCT_BUNDLE_IDENTIFIER = com.codersamz.NoteBook;
				PRODUCT_NAME = "$(TARGET_NAME)";
				SWIFT_EMIT_LOC_STRINGS = YES;
				SWIFT_VERSION = 5.0;
				TARGETED_DEVICE_FAMILY = "1,2";
			};
			name = Release;
		};
/* End XCBuildConfiguration section */

/* Begin XCConfigurationList section */
		AE8323AA27C143A300C61DA4 /* Build configuration list for PBXProject "NoteBook" */ = {
			isa = XCConfigurationList;
			buildConfigurations = (
				AE8323C127C143A600C61DA4 /* Debug */,
				AE8323C227C143A600C61DA4 /* Release */,
			);
			defaultConfigurationIsVisible = 0;
			defaultConfigurationName = Release;
		};
		AE8323C327C143A600C61DA4 /* Build configuration list for PBXNativeTarget "NoteBook" */ = {
			isa = XCConfigurationList;
			buildConfigurations = (
				AE8323C427C143A600C61DA4 /* Debug */,
				AE8323C527C143A600C61DA4 /* Release */,
			);
			defaultConfigurationIsVisible = 0;
			defaultConfigurationName = Release;
		};
/* End XCConfigurationList section */
	};
	rootObject = AE8323A727C143A300C61DA4 /* Project object */;
}
